
Microsoft Visual Studio Solution File, Format Version 12.00
# Visual Studio 15
VisualStudioVersion = 15.0.26730.10
MinimumVisualStudioVersion = 10.0.40219.1
Project("{FAE04EC0-301F-11D3-BF4B-00C04F79EFBC}") = "AzureServiceBus-Queue", "AzureServiceBus-Queue\AzureServiceBus-Queue.csproj", "{3765A25D-EB05-493B-BE6D-F7DC208CDA5B}"
EndProject
Project("{FAE04EC0-301F-11D3-BF4B-00C04F79EFBC}") = "AzureServiceBus-QueueListener", "AzureServiceBus-QueueListener\AzureServiceBus-QueueListener.csproj", "{2764C552-A897-4DC9-B6DE-24284FE234DF}"
EndProject
Global
	GlobalSection(SolutionConfigurationPlatforms) = preSolution
		Debug|Any CPU = Debug|Any CPU
		Release|Any CPU = Release|Any CPU
	EndGlobalSection
	GlobalSection(ProjectConfigurationPlatforms) = postSolution
		{3765A25D-EB05-493B-BE6D-F7DC208CDA5B}.Debug|Any CPU.ActiveCfg = Debug|Any CPU
		{3765A25D-EB05-493B-BE6D-F7DC208CDA5B}.Debug|Any CPU.Build.0 = Debug|Any CPU
		{3765A25D-EB05-493B-BE6D-F7DC208CDA5B}.Release|Any CPU.ActiveCfg = Release|Any CPU
		{3765A25D-EB05-493B-BE6D-F7DC208CDA5B}.Release|Any CPU.Build.0 = Release|Any CPU
		{2764C552-A897-4DC9-B6DE-24284FE234DF}.Debug|Any CPU.ActiveCfg = Debug|Any CPU
		{2764C552-A897-4DC9-B6DE-24284FE234DF}.Debug|Any CPU.Build.0 = Debug|Any CPU
		{2764C552-A897-4DC9-B6DE-24284FE234DF}.Release|Any CPU.ActiveCfg = Release|Any CPU
		{2764C552-A897-4DC9-B6DE-24284FE234DF}.Release|Any CPU.Build.0 = Release|Any CPU
	EndGlobalSection
	GlobalSection(SolutionProperties) = preSolution
		HideSolutionNode = FALSE
	EndGlobalSection
	GlobalSection(ExtensibilityGlobals) = postSolution
		SolutionGuid = {447BB137-3B1B-460B-B230-A60A51528B05}
	EndGlobalSection
EndGlobal
